
Microsoft Visual Studio Solution File, Format Version 12.00
# Visual Studio Version 17
VisualStudioVersion = 17.3.32929.385
MinimumVisualStudioVersion = 10.0.40219.1
Project("{9A19103F-16F7-4668-BE54-9A1E7A4F7556}") = "SistemaAtencionAlPublico", "SistemaAtencionAlPublico\SistemaAtencionAlPublico.csproj", "{EEE97E82-4ACF-4C21-B17F-E394CB101A69}"
EndProject
Project("{9A19103F-16F7-4668-BE54-9A1E7A4F7556}") = "Entidades", "Entidades\Entidades.csproj", "{28123E47-1D08-4B92-9B56-5CE2B9527BD3}"
EndProject
Project("{9A19103F-16F7-4668-BE54-9A1E7A4F7556}") = "TestUnitarios", "TestUnitarios\TestUnitarios.csproj", "{9E490E90-E312-49B3-99F5-5264D62BF3EC}"
EndProject
Global
	GlobalSection(SolutionConfigurationPlatforms) = preSolution
		Debug|Any CPU = Debug|Any CPU
		Release|Any CPU = Release|Any CPU
	EndGlobalSection
	GlobalSection(ProjectConfigurationPlatforms) = postSolution
		{EEE97E82-4ACF-4C21-B17F-E394CB101A69}.Debug|Any CPU.ActiveCfg = Debug|Any CPU
		{EEE97E82-4ACF-4C21-B17F-E394CB101A69}.Debug|Any CPU.Build.0 = Debug|Any CPU
		{EEE97E82-4ACF-4C21-B17F-E394CB101A69}.Release|Any CPU.ActiveCfg = Release|Any CPU
		{EEE97E82-4ACF-4C21-B17F-E394CB101A69}.Release|Any CPU.Build.0 = Release|Any CPU
		{28123E47-1D08-4B92-9B56-5CE2B9527BD3}.Debug|Any CPU.ActiveCfg = Debug|Any CPU
		{28123E47-1D08-4B92-9B56-5CE2B9527BD3}.Debug|Any CPU.Build.0 = Debug|Any CPU
		{28123E47-1D08-4B92-9B56-5CE2B9527BD3}.Release|Any CPU.ActiveCfg = Release|Any CPU
		{28123E47-1D08-4B92-9B56-5CE2B9527BD3}.Release|Any CPU.Build.0 = Release|Any CPU
		{9E490E90-E312-49B3-99F5-5264D62BF3EC}.Debug|Any CPU.ActiveCfg = Debug|Any CPU
		{9E490E90-E312-49B3-99F5-5264D62BF3EC}.Debug|Any CPU.Build.0 = Debug|Any CPU
		{9E490E90-E312-49B3-99F5-5264D62BF3EC}.Release|Any CPU.ActiveCfg = Release|Any CPU
		{9E490E90-E312-49B3-99F5-5264D62BF3EC}.Release|Any CPU.Build.0 = Release|Any CPU
	EndGlobalSection
	GlobalSection(SolutionProperties) = preSolution
		HideSolutionNode = FALSE
	EndGlobalSection
	GlobalSection(ExtensibilityGlobals) = postSolution
		SolutionGuid = {87E99AD3-D0D1-42C8-ABFD-FA207806D798}
	EndGlobalSection
EndGlobal
